github.com/ennesuysal/go-thread-pooling v0.0.0-20230114130838-1981212ef3d4 h1:i6svBciuW8lVntnkFVm/zF+WIUHGtPuQygUzLW/iMLQ=
github.com/ennesuysal/go-thread-pooling v0.0.0-20230114130838-1981212ef3d4/go.mod h1:hsSfGAtiabruTGDtUgdNeDfv/1bX7ITraXGugpLL8qo=
github.com/ennesuysal/go-thread-pooling v0.0.0-20230114161655-9343f076c9b5 h1:nAMt5W0hS9FewUdGJJWh3d7jslSkCa6A6gBYg4ZrMUY=
github.com/ennesuysal/go-thread-pooling v0.0.0-20230114161655-9343f076c9b5/go.mod h1:hsSfGAtiabruTGDtUgdNeDfv/1bX7ITraXGugpLL8qo=
